
Microsoft Visual Studio Solution File, Format Version 12.00
# Visual Studio Version 17
VisualStudioVersion = 17.0.31903.59
MinimumVisualStudioVersion = 10.0.40219.1
Project("{FAE04EC0-301F-11D3-BF4B-00C04F79EFBC}") = "CSE.UI", "CSE.UI\CSE.UI.csproj", "{C0F584BA-8E8E-4C73-8152-AD2071907E3B}"
EndProject
Project("{FAE04EC0-301F-11D3-BF4B-00C04F79EFBC}") = "CSE.API", "CSE.API\CSE.API.csproj", "{F1D98902-260D-4F7F-8F55-30643991CEBD}"
EndProject
Project("{FAE04EC0-301F-11D3-BF4B-00C04F79EFBC}") = "CSE.WorkerService", "CSE.WorkerService\CSE.WorkerService.csproj", "{CCC590AB-8D69-9C6B-F31F-D84289524A00}"
EndProject
Project("{FAE04EC0-301F-11D3-BF4B-00C04F79EFBC}") = "CSE.Infrastructure.Queue", "CSE.Infrastructure.Queue\CSE.Infrastructure.Queue.csproj", "{6743E1D6-214F-C47F-AD6B-CE736B25F32C}"
EndProject
Project("{2150E333-8FDC-42A3-9474-1A3956D46DE8}") = "Infrastructure", "Infrastructure", "{02EA681E-C7D8-13C7-8484-4AC65E1B71E8}"
	ProjectSection(SolutionItems) = preProject
		Infrastructure\docker-compose.yml = Infrastructure\docker-compose.yml
	EndProjectSection
EndProject
Global
	GlobalSection(SolutionConfigurationPlatforms) = preSolution
		Debug|Any CPU = Debug|Any CPU
		Release|Any CPU = Release|Any CPU
	EndGlobalSection
	GlobalSection(ProjectConfigurationPlatforms) = postSolution
		{C0F584BA-8E8E-4C73-8152-AD2071907E3B}.Debug|Any CPU.ActiveCfg = Debug|Any CPU
		{C0F584BA-8E8E-4C73-8152-AD2071907E3B}.Debug|Any CPU.Build.0 = Debug|Any CPU
		{C0F584BA-8E8E-4C73-8152-AD2071907E3B}.Release|Any CPU.ActiveCfg = Release|Any CPU
		{C0F584BA-8E8E-4C73-8152-AD2071907E3B}.Release|Any CPU.Build.0 = Release|Any CPU
		{F1D98902-260D-4F7F-8F55-30643991CEBD}.Debug|Any CPU.ActiveCfg = Debug|Any CPU
		{F1D98902-260D-4F7F-8F55-30643991CEBD}.Debug|Any CPU.Build.0 = Debug|Any CPU
		{F1D98902-260D-4F7F-8F55-30643991CEBD}.Release|Any CPU.ActiveCfg = Release|Any CPU
		{F1D98902-260D-4F7F-8F55-30643991CEBD}.Release|Any CPU.Build.0 = Release|Any CPU
		{6743E1D6-214F-C47F-AD6B-CE736B25F32C}.Debug|Any CPU.ActiveCfg = Debug|Any CPU
		{6743E1D6-214F-C47F-AD6B-CE736B25F32C}.Debug|Any CPU.Build.0 = Debug|Any CPU
		{6743E1D6-214F-C47F-AD6B-CE736B25F32C}.Release|Any CPU.ActiveCfg = Release|Any CPU
		{6743E1D6-214F-C47F-AD6B-CE736B25F32C}.Release|Any CPU.Build.0 = Release|Any CPU
	EndGlobalSection
	GlobalSection(SolutionProperties) = preSolution
		HideSolutionNode = FALSE
	EndGlobalSection
	GlobalSection(ExtensibilityGlobals) = postSolution
		SolutionGuid = {213D103A-6842-429F-8CA1-987F9B1B94BC}
	EndGlobalSection
EndGlobal
